
Microsoft Visual Studio Solution File, Format Version 12.00
# Visual Studio Version 17
VisualStudioVersion = 17.0.31903.59
MinimumVisualStudioVersion = 10.0.40219.1
Project("{2150E333-8FDC-42A3-9474-1A3956D46DE8}") = "src", "src", "{827E0CD3-B72D-47B6-A68D-7590B98EB39B}"
EndProject
Project("{FAE04EC0-301F-11D3-BF4B-00C04F79EFBC}") = "PromptRegistry.Core", "src\PromptRegistry.Core\PromptRegistry.Core.csproj", "{455B405F-EFC2-4EC8-8809-27B7134C78CA}"
EndProject
Project("{FAE04EC0-301F-11D3-BF4B-00C04F79EFBC}") = "PromptRegistry.Api", "src\PromptRegistry.Api\PromptRegistry.Api.csproj", "{A3A8D885-2981-447B-AE47-1C7CF7297292}"
EndProject
Project("{FAE04EC0-301F-11D3-BF4B-00C04F79EFBC}") = "PromptRegistry.Client", "src\PromptRegistry.Client\PromptRegistry.Client.csproj", "{09AB7C4E-57B8-42C2-BB08-8F02610C791D}"
EndProject
Project("{FAE04EC0-301F-11D3-BF4B-00C04F79EFBC}") = "PromptRegistry.Tests", "tests\PromptRegistry.Tests\PromptRegistry.Tests.csproj", "{59D6FB47-2575-400A-B67E-79FF3DCC6F87}"
EndProject
Project("{2150E333-8FDC-42A3-9474-1A3956D46DE8}") = "samples", "samples", "{5D20AA90-6969-D8BD-9DCD-8634F4692FDA}"
EndProject
Project("{FAE04EC0-301F-11D3-BF4B-00C04F79EFBC}") = "CheckoutSummarizer", "samples\CheckoutSummarizer\CheckoutSummarizer.csproj", "{2A5D891E-A8BE-4E9B-9C79-F56CA6836E3F}"
EndProject
Global
	GlobalSection(SolutionConfigurationPlatforms) = preSolution
		Debug|Any CPU = Debug|Any CPU
		Debug|x64 = Debug|x64
		Debug|x86 = Debug|x86
		Release|Any CPU = Release|Any CPU
		Release|x64 = Release|x64
		Release|x86 = Release|x86
	EndGlobalSection
	GlobalSection(ProjectConfigurationPlatforms) = postSolution
		{455B405F-EFC2-4EC8-8809-27B7134C78CA}.Debug|Any CPU.ActiveCfg = Debug|Any CPU
		{455B405F-EFC2-4EC8-8809-27B7134C78CA}.Debug|Any CPU.Build.0 = Debug|Any CPU
		{455B405F-EFC2-4EC8-8809-27B7134C78CA}.Debug|x64.ActiveCfg = Debug|Any CPU
		{455B405F-EFC2-4EC8-8809-27B7134C78CA}.Debug|x64.Build.0 = Debug|Any CPU
		{455B405F-EFC2-4EC8-8809-27B7134C78CA}.Debug|x86.ActiveCfg = Debug|Any CPU
		{455B405F-EFC2-4EC8-8809-27B7134C78CA}.Debug|x86.Build.0 = Debug|Any CPU
		{455B405F-EFC2-4EC8-8809-27B7134C78CA}.Release|Any CPU.ActiveCfg = Release|Any CPU
		{455B405F-EFC2-4EC8-8809-27B7134C78CA}.Release|Any CPU.Build.0 = Release|Any CPU
		{455B405F-EFC2-4EC8-8809-27B7134C78CA}.Release|x64.ActiveCfg = Release|Any CPU
		{455B405F-EFC2-4EC8-8809-27B7134C78CA}.Release|x64.Build.0 = Release|Any CPU
		{455B405F-EFC2-4EC8-8809-27B7134C78CA}.Release|x86.ActiveCfg = Release|Any CPU
		{455B405F-EFC2-4EC8-8809-27B7134C78CA}.Release|x86.Build.0 = Release|Any CPU
		{A3A8D885-2981-447B-AE47-1C7CF7297292}.Debug|Any CPU.ActiveCfg = Debug|Any CPU
		{A3A8D885-2981-447B-AE47-1C7CF7297292}.Debug|Any CPU.Build.0 = Debug|Any CPU
		{A3A8D885-2981-447B-AE47-1C7CF7297292}.Debug|x64.ActiveCfg = Debug|Any CPU
		{A3A8D885-2981-447B-AE47-1C7CF7297292}.Debug|x64.Build.0 = Debug|Any CPU
		{A3A8D885-2981-447B-AE47-1C7CF7297292}.Debug|x86.ActiveCfg = Debug|Any CPU
		{A3A8D885-2981-447B-AE47-1C7CF7297292}.Debug|x86.Build.0 = Debug|Any CPU
		{A3A8D885-2981-447B-AE47-1C7CF7297292}.Release|Any CPU.ActiveCfg = Release|Any CPU
		{A3A8D885-2981-447B-AE47-1C7CF7297292}.Release|Any CPU.Build.0 = Release|Any CPU
		{A3A8D885-2981-447B-AE47-1C7CF7297292}.Release|x64.ActiveCfg = Release|Any CPU
		{A3A8D885-2981-447B-AE47-1C7CF7297292}.Release|x64.Build.0 = Release|Any CPU
		{A3A8D885-2981-447B-AE47-1C7CF7297292}.Release|x86.ActiveCfg = Release|Any CPU
		{A3A8D885-2981-447B-AE47-1C7CF7297292}.Release|x86.Build.0 = Release|Any CPU
		{09AB7C4E-57B8-42C2-BB08-8F02610C791D}.Debug|Any CPU.ActiveCfg = Debug|Any CPU
		{09AB7C4E-57B8-42C2-BB08-8F02610C791D}.Debug|Any CPU.Build.0 = Debug|Any CPU
		{09AB7C4E-57B8-42C2-BB08-8F02610C791D}.Debug|x64.ActiveCfg = Debug|Any CPU
		{09AB7C4E-57B8-42C2-BB08-8F02610C791D}.Debug|x64.Build.0 = Debug|Any CPU
		{09AB7C4E-57B8-42C2-BB08-8F02610C791D}.Debug|x86.ActiveCfg = Debug|Any CPU
		{09AB7C4E-57B8-42C2-BB08-8F02610C791D}.Debug|x86.Build.0 = Debug|Any CPU
		{09AB7C4E-57B8-42C2-BB08-8F02610C791D}.Release|Any CPU.ActiveCfg = Release|Any CPU
		{09AB7C4E-57B8-42C2-BB08-8F02610C791D}.Release|Any CPU.Build.0 = Release|Any CPU
		{09AB7C4E-57B8-42C2-BB08-8F02610C791D}.Release|x64.ActiveCfg = Release|Any CPU
		{09AB7C4E-57B8-42C2-BB08-8F02610C791D}.Release|x64.Build.0 = Release|Any CPU
		{09AB7C4E-57B8-42C2-BB08-8F02610C791D}.Release|x86.ActiveCfg = Release|Any CPU
		{09AB7C4E-57B8-42C2-BB08-8F02610C791D}.Release|x86.Build.0 = Release|Any CPU
		{59D6FB47-2575-400A-B67E-79FF3DCC6F87}.Debug|Any CPU.ActiveCfg = Debug|Any CPU
		{59D6FB47-2575-400A-B67E-79FF3DCC6F87}.Debug|Any CPU.Build.0 = Debug|Any CPU
		{59D6FB47-2575-400A-B67E-79FF3DCC6F87}.Debug|x64.ActiveCfg = Debug|Any CPU
		{59D6FB47-2575-400A-B67E-79FF3DCC6F87}.Debug|x64.Build.0 = Debug|Any CPU
		{59D6FB47-2575-400A-B67E-79FF3DCC6F87}.Debug|x86.ActiveCfg = Debug|Any CPU
		{59D6FB47-2575-400A-B67E-79FF3DCC6F87}.Debug|x86.Build.0 = Debug|Any CPU
		{59D6FB47-2575-400A-B67E-79FF3DCC6F87}.Release|Any CPU.ActiveCfg = Release|Any CPU
		{59D6FB47-2575-400A-B67E-79FF3DCC6F87}.Release|Any CPU.Build.0 = Release|Any CPU
		{59D6FB47-2575-400A-B67E-79FF3DCC6F87}.Release|x64.ActiveCfg = Release|Any CPU
		{59D6FB47-2575-400A-B67E-79FF3DCC6F87}.Release|x64.Build.0 = Release|Any CPU
		{59D6FB47-2575-400A-B67E-79FF3DCC6F87}.Release|x86.ActiveCfg = Release|Any CPU
		{59D6FB47-2575-400A-B67E-79FF3DCC6F87}.Release|x86.Build.0 = Release|Any CPU
		{2A5D891E-A8BE-4E9B-9C79-F56CA6836E3F}.Debug|Any CPU.ActiveCfg = Debug|Any CPU
		{2A5D891E-A8BE-4E9B-9C79-F56CA6836E3F}.Debug|Any CPU.Build.0 = Debug|Any CPU
		{2A5D891E-A8BE-4E9B-9C79-F56CA6836E3F}.Debug|x64.ActiveCfg = Debug|Any CPU
		{2A5D891E-A8BE-4E9B-9C79-F56CA6836E3F}.Debug|x64.Build.0 = Debug|Any CPU
		{2A5D891E-A8BE-4E9B-9C79-F56CA6836E3F}.Debug|x86.ActiveCfg = Debug|Any CPU
		{2A5D891E-A8BE-4E9B-9C79-F56CA6836E3F}.Debug|x86.Build.0 = Debug|Any CPU
		{2A5D891E-A8BE-4E9B-9C79-F56CA6836E3F}.Release|Any CPU.ActiveCfg = Release|Any CPU
		{2A5D891E-A8BE-4E9B-9C79-F56CA6836E3F}.Release|Any CPU.Build.0 = Release|Any CPU
		{2A5D891E-A8BE-4E9B-9C79-F56CA6836E3F}.Release|x64.ActiveCfg = Release|Any CPU
		{2A5D891E-A8BE-4E9B-9C79-F56CA6836E3F}.Release|x64.Build.0 = Release|Any CPU
		{2A5D891E-A8BE-4E9B-9C79-F56CA6836E3F}.Release|x86.ActiveCfg = Release|Any CPU
		{2A5D891E-A8BE-4E9B-9C79-F56CA6836E3F}.Release|x86.Build.0 = Release|Any CPU
	EndGlobalSection
	GlobalSection(SolutionProperties) = preSolution
		HideSolutionNode = FALSE
	EndGlobalSection
	GlobalSection(NestedProjects) = preSolution
		{455B405F-EFC2-4EC8-8809-27B7134C78CA} = {827E0CD3-B72D-47B6-A68D-7590B98EB39B}
		{A3A8D885-2981-447B-AE47-1C7CF7297292} = {827E0CD3-B72D-47B6-A68D-7590B98EB39B}
		{09AB7C4E-57B8-42C2-BB08-8F02610C791D} = {827E0CD3-B72D-47B6-A68D-7590B98EB39B}
		{59D6FB47-2575-400A-B67E-79FF3DCC6F87} = {827E0CD3-B72D-47B6-A68D-7590B98EB39B}
		{2A5D891E-A8BE-4E9B-9C79-F56CA6836E3F} = {5D20AA90-6969-D8BD-9DCD-8634F4692FDA}
	EndGlobalSection
EndGlobal
